
Microsoft Visual Studio Solution File, Format Version 12.00
# Visual Studio 15
VisualStudioVersion = 15.0.27703.2035
MinimumVisualStudioVersion = 10.0.40219.1
Project("{FAE04EC0-301F-11D3-BF4B-00C04F79EFBC}") = "LearningStreamsV1.1", "LearningStreamsV1.1\LearningStreamsV1.1.csproj", "{649A7629-4715-47D4-9D1A-92B8EE1C38D6}"
EndProject
Global
	GlobalSection(SolutionConfigurationPlatforms) = preSolution
		Debug|Any CPU = Debug|Any CPU
		Release|Any CPU = Release|Any CPU
	EndGlobalSection
	GlobalSection(ProjectConfigurationPlatforms) = postSolution
		{649A7629-4715-47D4-9D1A-92B8EE1C38D6}.Debug|Any CPU.ActiveCfg = Debug|Any CPU
		{649A7629-4715-47D4-9D1A-92B8EE1C38D6}.Debug|Any CPU.Build.0 = Debug|Any CPU
		{649A7629-4715-47D4-9D1A-92B8EE1C38D6}.Release|Any CPU.ActiveCfg = Release|Any CPU
		{649A7629-4715-47D4-9D1A-92B8EE1C38D6}.Release|Any CPU.Build.0 = Release|Any CPU
	EndGlobalSection
	GlobalSection(SolutionProperties) = preSolution
		HideSolutionNode = FALSE
	EndGlobalSection
	GlobalSection(ExtensibilityGlobals) = postSolution
		SolutionGuid = {C213D86B-695F-48B9-BA25-8F7CD14D2223}
	EndGlobalSection
EndGlobal
